
Microsoft Visual Studio Solution File, Format Version 12.00
# Visual Studio Version 16
VisualStudioVersion = 16.0.28922.388
MinimumVisualStudioVersion = 10.0.40219.1
Project("{FAE04EC0-301F-11D3-BF4B-00C04F79EFBC}") = "BarCrawlMine", "BarCrawlMine\BarCrawlMine.csproj", "{7C3CC524-E7FD-4E95-8057-BCDE70C72BD7}"
EndProject
Global
	GlobalSection(SolutionConfigurationPlatforms) = preSolution
		Debug|Any CPU = Debug|Any CPU
		Release|Any CPU = Release|Any CPU
	EndGlobalSection
	GlobalSection(ProjectConfigurationPlatforms) = postSolution
		{7C3CC524-E7FD-4E95-8057-BCDE70C72BD7}.Debug|Any CPU.ActiveCfg = Debug|Any CPU
		{7C3CC524-E7FD-4E95-8057-BCDE70C72BD7}.Debug|Any CPU.Build.0 = Debug|Any CPU
		{7C3CC524-E7FD-4E95-8057-BCDE70C72BD7}.Release|Any CPU.ActiveCfg = Release|Any CPU
		{7C3CC524-E7FD-4E95-8057-BCDE70C72BD7}.Release|Any CPU.Build.0 = Release|Any CPU
	EndGlobalSection
	GlobalSection(SolutionProperties) = preSolution
		HideSolutionNode = FALSE
	EndGlobalSection
	GlobalSection(ExtensibilityGlobals) = postSolution
		SolutionGuid = {23815013-FEC6-4D98-8F56-65E435DA4EAF}
	EndGlobalSection
EndGlobal
